
Microsoft Visual Studio Solution File, Format Version 12.00
# Visual Studio Version 16
VisualStudioVersion = 16.0.31515.178
MinimumVisualStudioVersion = 10.0.40219.1
Project("{FAE04EC0-301F-11D3-BF4B-00C04F79EFBC}") = "DropzoneJSNetCore", "DropzoneJSNetCore\DropzoneJSNetCore.csproj", "{D064EF27-A702-4D8C-BB26-191924B8293E}"
EndProject
Global
	GlobalSection(SolutionConfigurationPlatforms) = preSolution
		Debug|Any CPU = Debug|Any CPU
		Release|Any CPU = Release|Any CPU
	EndGlobalSection
	GlobalSection(ProjectConfigurationPlatforms) = postSolution
		{D064EF27-A702-4D8C-BB26-191924B8293E}.Debug|Any CPU.ActiveCfg = Debug|Any CPU
		{D064EF27-A702-4D8C-BB26-191924B8293E}.Debug|Any CPU.Build.0 = Debug|Any CPU
		{D064EF27-A702-4D8C-BB26-191924B8293E}.Release|Any CPU.ActiveCfg = Release|Any CPU
		{D064EF27-A702-4D8C-BB26-191924B8293E}.Release|Any CPU.Build.0 = Release|Any CPU
	EndGlobalSection
	GlobalSection(SolutionProperties) = preSolution
		HideSolutionNode = FALSE
	EndGlobalSection
	GlobalSection(ExtensibilityGlobals) = postSolution
		SolutionGuid = {27F54A7C-8C14-461E-B4D1-E39194A69511}
	EndGlobalSection
EndGlobal
